// !$*UTF8*$!
{
	archiveVersion = 1;
	classes = {
	};
	objectVersion = 46;
	objects = {

/* Begin PBXBuildFile section */
		0D55DA1419E2A45B00299A4E /* Foundation.framework in Frameworks */ = {isa = PBXBuildFile; fileRef = 0D55DA1319E2A45B00299A4E /* Foundation.framework */; };
		0D55DA3719E2A49700299A4E /* DailyExpense.m in Sources */ = {isa = PBXBuildFile; fileRef = 0D55DA2219E2A49700299A4E /* DailyExpense.m */; };
		0D55DA3819E2A49700299A4E /* DailyExpenseList.m in Sources */ = {isa = PBXBuildFile; fileRef = 0D55DA2419E2A49700299A4E /* DailyExpenseList.m */; };
		0D55DA3919E2A49700299A4E /* DataHandler.m in Sources */ = {isa = PBXBuildFile; fileRef = 0D55DA2619E2A49700299A4E /* DataHandler.m */; };
		0D55DA3A19E2A49700299A4E /* Income.m in Sources */ = {isa = PBXBuildFile; fileRef = 0D55DA2819E2A49700299A4E /* Income.m */; };
		0D55DA3B19E2A49700299A4E /* IncomeList.m in Sources */ = {isa = PBXBuildFile; fileRef = 0D55DA2A19E2A49700299A4E /* IncomeList.m */; };
		0D55DA3C19E2A49700299A4E /* main.m in Sources */ = {isa = PBXBuildFile; fileRef = 0D55DA2B19E2A49700299A4E /* main.m */; };
		0D55DA3D19E2A49700299A4E /* MyBank.m in Sources */ = {isa = PBXBuildFile; fileRef = 0D55DA2D19E2A49700299A4E /* MyBank.m */; };
		0D55DA3E19E2A49700299A4E /* MyPocket.m in Sources */ = {isa = PBXBuildFile; fileRef = 0D55DA2F19E2A49700299A4E /* MyPocket.m */; };
		0D55DA3F19E2A49700299A4E /* Saving.m in Sources */ = {isa = PBXBuildFile; fileRef = 0D55DA3219E2A49700299A4E /* Saving.m */; };
		0D55DA4019E2A49700299A4E /* SavingList.m in Sources */ = {isa = PBXBuildFile; fileRef = 0D55DA3419E2A49700299A4E /* SavingList.m */; };
		0D55DA4119E2A49700299A4E /* Utility.m in Sources */ = {isa = PBXBuildFile; fileRef = 0D55DA3619E2A49700299A4E /* Utility.m */; };
/* End PBXBuildFile section */

/* Begin PBXCopyFilesBuildPhase section */
		0D55DA0E19E2A45B00299A4E /* CopyFiles */ = {
			isa = PBXCopyFilesBuildPhase;
			buildActionMask = 2147483647;
			dstPath = /usr/share/man/man1/;
			dstSubfolderSpec = 0;
			files = (
			);
			runOnlyForDeploymentPostprocessing = 1;
		};
/* End PBXCopyFilesBuildPhase section */

/* Begin PBXFileReference section */
		0D55DA1019E2A45B00299A4E /* PersonalRevenue_2 */ = {isa = PBXFileReference; explicitFileType = "compiled.mach-o.executable"; includeInIndex = 0; path = PersonalRevenue_2; sourceTree = BUILT_PRODUCTS_DIR; };
		0D55DA1319E2A45B00299A4E /* Foundation.framework */ = {isa = PBXFileReference; lastKnownFileType = wrapper.framework; name = Foundation.framework; path = System/Library/Frameworks/Foundation.framework; sourceTree = SDKROOT; };
		0D55DA1919E2A45B00299A4E /* PersonalRevenue_2-Prefix.pch */ = {isa = PBXFileReference; lastKnownFileType = sourcecode.c.h; path = "PersonalRevenue_2-Prefix.pch"; sourceTree = "<group>"; };
		0D55DA2119E2A49700299A4E /* DailyExpense.h */ = {isa = PBXFileReference; fileEncoding = 4; lastKnownFileType = sourcecode.c.h; path = DailyExpense.h; sourceTree = "<group>"; };
		0D55DA2219E2A49700299A4E /* DailyExpense.m */ = {isa = PBXFileReference; fileEncoding = 4; lastKnownFileType = sourcecode.c.objc; path = DailyExpense.m; sourceTree = "<group>"; };
		0D55DA2319E2A49700299A4E /* DailyExpenseList.h */ = {isa = PBXFileReference; fileEncoding = 4; lastKnownFileType = sourcecode.c.h; path = DailyExpenseList.h; sourceTree = "<group>"; };
		0D55DA2419E2A49700299A4E /* DailyExpenseList.m */ = {isa = PBXFileReference; fileEncoding = 4; lastKnownFileType = sourcecode.c.objc; path = DailyExpenseList.m; sourceTree = "<group>"; };
		0D55DA2519E2A49700299A4E /* DataHandler.h */ = {isa = PBXFileReference; fileEncoding = 4; lastKnownFileType = sourcecode.c.h; path = DataHandler.h; sourceTree = "<group>"; };
		0D55DA2619E2A49700299A4E /* DataHandler.m */ = {isa = PBXFileReference; fileEncoding = 4; lastKnownFileType = sourcecode.c.objc; path = DataHandler.m; sourceTree = "<group>"; };
		0D55DA2719E2A49700299A4E /* Income.h */ = {isa = PBXFileReference; fileEncoding = 4; lastKnownFileType = sourcecode.c.h; path = Income.h; sourceTree = "<group>"; };
		0D55DA2819E2A49700299A4E /* Income.m */ = {isa = PBXFileReference; fileEncoding = 4; lastKnownFileType = sourcecode.c.objc; path = Income.m; sourceTree = "<group>"; };
		0D55DA2919E2A49700299A4E /* IncomeList.h */ = {isa = PBXFileReference; fileEncoding = 4; lastKnownFileType = sourcecode.c.h; path = IncomeList.h; sourceTree = "<group>"; };
		0D55DA2A19E2A49700299A4E /* IncomeList.m */ = {isa = PBXFileReference; fileEncoding = 4; lastKnownFileType = sourcecode.c.objc; path = IncomeList.m; sourceTree = "<group>"; };
		0D55DA2B19E2A49700299A4E /* main.m */ = {isa = PBXFileReference; fileEncoding = 4; lastKnownFileType = sourcecode.c.objc; path = main.m; sourceTree = "<group>"; };
		0D55DA2C19E2A49700299A4E /* MyBank.h */ = {isa = PBXFileReference; fileEncoding = 4; lastKnownFileType = sourcecode.c.h; path = MyBank.h; sourceTree = "<group>"; };
		0D55DA2D19E2A49700299A4E /* MyBank.m */ = {isa = PBXFileReference; fileEncoding = 4; lastKnownFileType = sourcecode.c.objc; path = MyBank.m; sourceTree = "<group>"; };
		0D55DA2E19E2A49700299A4E /* MyPocket.h */ = {isa = PBXFileReference; fileEncoding = 4; lastKnownFileType = sourcecode.c.h; path = MyPocket.h; sourceTree = "<group>"; };
		0D55DA2F19E2A49700299A4E /* MyPocket.m */ = {isa = PBXFileReference; fileEncoding = 4; lastKnownFileType = sourcecode.c.objc; path = MyPocket.m; sourceTree = "<group>"; };
		0D55DA3019E2A49700299A4E /* Personal_Revenue.1 */ = {isa = PBXFileReference; fileEncoding = 4; lastKnownFileType = text.man; path = Personal_Revenue.1; sourceTree = "<group>"; };
		0D55DA3119E2A49700299A4E /* Saving.h */ = {isa = PBXFileReference; fileEncoding = 4; lastKnownFileType = sourcecode.c.h; path = Saving.h; sourceTree = "<group>"; };
		0D55DA3219E2A49700299A4E /* Saving.m */ = {isa = PBXFileReference; fileEncoding = 4; lastKnownFileType = sourcecode.c.objc; path = Saving.m; sourceTree = "<group>"; };
		0D55DA3319E2A49700299A4E /* SavingList.h */ = {isa = PBXFileReference; fileEncoding = 4; lastKnownFileType = sourcecode.c.h; path = SavingList.h; sourceTree = "<group>"; };
		0D55DA3419E2A49700299A4E /* SavingList.m */ = {isa = PBXFileReference; fileEncoding = 4; lastKnownFileType = sourcecode.c.objc; path = SavingList.m; sourceTree = "<group>"; };
		0D55DA3519E2A49700299A4E /* Utility.h */ = {isa = PBXFileReference; fileEncoding = 4; lastKnownFileType = sourcecode.c.h; path = Utility.h; sourceTree = "<group>"; };
		0D55DA3619E2A49700299A4E /* Utility.m */ = {isa = PBXFileReference; fileEncoding = 4; lastKnownFileType = sourcecode.c.objc; path = Utility.m; sourceTree = "<group>"; };
/* End PBXFileReference section */

/* Begin PBXFrameworksBuildPhase section */
		0D55DA0D19E2A45B00299A4E /* Frameworks */ = {
			isa = PBXFrameworksBuildPhase;
			buildActionMask = 2147483647;
			files = (
				0D55DA1419E2A45B00299A4E /* Foundation.framework in Frameworks */,
			);
			runOnlyForDeploymentPostprocessing = 0;
		};
/* End PBXFrameworksBuildPhase section */

/* Begin PBXGroup section */
		0D55DA0719E2A45B00299A4E = {
			isa = PBXGroup;
			children = (
				0D55DA1519E2A45B00299A4E /* PersonalRevenue_2 */,
				0D55DA1219E2A45B00299A4E /* Frameworks */,
				0D55DA1119E2A45B00299A4E /* Products */,
			);
			sourceTree = "<group>";
		};
		0D55DA1119E2A45B00299A4E /* Products */ = {
			isa = PBXGroup;
			children = (
				0D55DA1019E2A45B00299A4E /* PersonalRevenue_2 */,
			);
			name = Products;
			sourceTree = "<group>";
		};
		0D55DA1219E2A45B00299A4E /* Frameworks */ = {
			isa = PBXGroup;
			children = (
				0D55DA1319E2A45B00299A4E /* Foundation.framework */,
			);
			name = Frameworks;
			sourceTree = "<group>";
		};
		0D55DA1519E2A45B00299A4E /* PersonalRevenue_2 */ = {
			isa = PBXGroup;
			children = (
				0D55DA2119E2A49700299A4E /* DailyExpense.h */,
				0D55DA2219E2A49700299A4E /* DailyExpense.m */,
				0D55DA2319E2A49700299A4E /* DailyExpenseList.h */,
				0D55DA2419E2A49700299A4E /* DailyExpenseList.m */,
				0D55DA2519E2A49700299A4E /* DataHandler.h */,
				0D55DA2619E2A49700299A4E /* DataHandler.m */,
				0D55DA2719E2A49700299A4E /* Income.h */,
				0D55DA2819E2A49700299A4E /* Income.m */,
				0D55DA2919E2A49700299A4E /* IncomeList.h */,
				0D55DA2A19E2A49700299A4E /* IncomeList.m */,
				0D55DA2B19E2A49700299A4E /* main.m */,
				0D55DA2C19E2A49700299A4E /* MyBank.h */,
				0D55DA2D19E2A49700299A4E /* MyBank.m */,
				0D55DA2E19E2A49700299A4E /* MyPocket.h */,
				0D55DA2F19E2A49700299A4E /* MyPocket.m */,
				0D55DA3019E2A49700299A4E /* Personal_Revenue.1 */,
				0D55DA3119E2A49700299A4E /* Saving.h */,
				0D55DA3219E2A49700299A4E /* Saving.m */,
				0D55DA3319E2A49700299A4E /* SavingList.h */,
				0D55DA3419E2A49700299A4E /* SavingList.m */,
				0D55DA3519E2A49700299A4E /* Utility.h */,
				0D55DA3619E2A49700299A4E /* Utility.m */,
				0D55DA1819E2A45B00299A4E /* Supporting Files */,
			);
			path = PersonalRevenue_2;
			sourceTree = "<group>";
		};
		0D55DA1819E2A45B00299A4E /* Supporting Files */ = {
			isa = PBXGroup;
			children = (
				0D55DA1919E2A45B00299A4E /* PersonalRevenue_2-Prefix.pch */,
			);
			name = "Supporting Files";
			sourceTree = "<group>";
		};
/* End PBXGroup section */

/* Begin PBXNativeTarget section */
		0D55DA0F19E2A45B00299A4E /* PersonalRevenue_2 */ = {
			isa = PBXNativeTarget;
			buildConfigurationList = 0D55DA1E19E2A45B00299A4E /* Build configuration list for PBXNativeTarget "PersonalRevenue_2" */;
			buildPhases = (
				0D55DA0C19E2A45B00299A4E /* Sources */,
				0D55DA0D19E2A45B00299A4E /* Frameworks */,
				0D55DA0E19E2A45B00299A4E /* CopyFiles */,
			);
			buildRules = (
			);
			dependencies = (
			);
			name = PersonalRevenue_2;
			productName = PersonalRevenue_2;
			productReference = 0D55DA1019E2A45B00299A4E /* PersonalRevenue_2 */;
			productType = "com.apple.product-type.tool";
		};
/* End PBXNativeTarget section */

/* Begin PBXProject section */
		0D55DA0819E2A45B00299A4E /* Project object */ = {
			isa = PBXProject;
			attributes = {
				LastUpgradeCheck = 0510;
				ORGANIZATIONNAME = "nhatquang@floatingcube.com";
			};
			buildConfigurationList = 0D55DA0B19E2A45B00299A4E /* Build configuration list for PBXProject "PersonalRevenue_2" */;
			compatibilityVersion = "Xcode 3.2";
			developmentRegion = English;
			hasScannedForEncodings = 0;
			knownRegions = (
				en,
			);
			mainGroup = 0D55DA0719E2A45B00299A4E;
			productRefGroup = 0D55DA1119E2A45B00299A4E /* Products */;
			projectDirPath = "";
			projectRoot = "";
			targets = (
				0D55DA0F19E2A45B00299A4E /* PersonalRevenue_2 */,
			);
		};
/* End PBXProject section */

/* Begin PBXSourcesBuildPhase section */
		0D55DA0C19E2A45B00299A4E /* Sources */ = {
			isa = PBXSourcesBuildPhase;
			buildActionMask = 2147483647;
			files = (
				0D55DA3F19E2A49700299A4E /* Saving.m in Sources */,
				0D55DA4019E2A49700299A4E /* SavingList.m in Sources */,
				0D55DA3819E2A49700299A4E /* DailyExpenseList.m in Sources */,
				0D55DA3E19E2A49700299A4E /* MyPocket.m in Sources */,
				0D55DA3919E2A49700299A4E /* DataHandler.m in Sources */,
				0D55DA3A19E2A49700299A4E /* Income.m in Sources */,
				0D55DA3D19E2A49700299A4E /* MyBank.m in Sources */,
				0D55DA4119E2A49700299A4E /* Utility.m in Sources */,
				0D55DA3719E2A49700299A4E /* DailyExpense.m in Sources */,
				0D55DA3C19E2A49700299A4E /* main.m in Sources */,
				0D55DA3B19E2A49700299A4E /* IncomeList.m in Sources */,
			);
			runOnlyForDeploymentPostprocessing = 0;
		};
/* End PBXSourcesBuildPhase section */

/* Begin XCBuildConfiguration section */
		0D55DA1C19E2A45B00299A4E /* Debug */ = {
			isa = XCBuildConfiguration;
			buildSettings = {
				ALWAYS_SEARCH_USER_PATHS = NO;
				CLANG_CXX_LANGUAGE_STANDARD = "gnu++0x";
				CLANG_CXX_LIBRARY = "libc++";
				CLANG_ENABLE_MODULES = YES;
				CLANG_ENABLE_OBJC_ARC = YES;
				CLANG_WARN_BOOL_CONVERSION = YES;
				CLANG_WARN_CONSTANT_CONVERSION = YES;
				CLANG_WARN_DIRECT_OBJC_ISA_USAGE = YES_ERROR;
				CLANG_WARN_EMPTY_BODY = YES;
				CLANG_WARN_ENUM_CONVERSION = YES;
				CLANG_WARN_INT_CONVERSION = YES;
				CLANG_WARN_OBJC_ROOT_CLASS = YES_ERROR;
				CLANG_WARN__DUPLICATE_METHOD_MATCH = YES;
				COPY_PHASE_STRIP = NO;
				GCC_C_LANGUAGE_STANDARD = gnu99;
				GCC_DYNAMIC_NO_PIC = NO;
				GCC_ENABLE_OBJC_EXCEPTIONS = YES;
				GCC_OPTIMIZATION_LEVEL = 0;
				GCC_PREPROCESSOR_DEFINITIONS = (
					"DEBUG=1",
					"$(inherited)",
				);
				GCC_SYMBOLS_PRIVATE_EXTERN = NO;
				GCC_WARN_64_TO_32_BIT_CONVERSION = YES;
				GCC_WARN_ABOUT_RETURN_TYPE = YES_ERROR;
				GCC_WARN_UNDECLARED_SELECTOR = YES;
				GCC_WARN_UNINITIALIZED_AUTOS = YES_AGGRESSIVE;
				GCC_WARN_UNUSED_FUNCTION = YES;
				GCC_WARN_UNUSED_VARIABLE = YES;
				MACOSX_DEPLOYMENT_TARGET = 10.9;
				ONLY_ACTIVE_ARCH = YES;
				SDKROOT = macosx;
			};
			name = Debug;
		};
		0D55DA1D19E2A45B00299A4E /* Release */ = {
			isa = XCBuildConfiguration;
			buildSettings = {
				ALWAYS_SEARCH_USER_PATHS = NO;
				CLANG_CXX_LANGUAGE_STANDARD = "gnu++0x";
				CLANG_CXX_LIBRARY = "libc++";
				CLANG_ENABLE_MODULES = YES;
				CLANG_ENABLE_OBJC_ARC = YES;
				CLANG_WARN_BOOL_CONVERSION = YES;
				CLANG_WARN_CONSTANT_CONVERSION = YES;
				CLANG_WARN_DIRECT_OBJC_ISA_USAGE = YES_ERROR;
				CLANG_WARN_EMPTY_BODY = YES;
				CLANG_WARN_ENUM_CONVERSION = YES;
				CLANG_WARN_INT_CONVERSION = YES;
				CLANG_WARN_OBJC_ROOT_CLASS = YES_ERROR;
				CLANG_WARN__DUPLICATE_METHOD_MATCH = YES;
				COPY_PHASE_STRIP = YES;
				DEBUG_INFORMATION_FORMAT = "dwarf-with-dsym";
				ENABLE_NS_ASSERTIONS = NO;
				GCC_C_LANGUAGE_STANDARD = gnu99;
				GCC_ENABLE_OBJC_EXCEPTIONS = YES;
				GCC_WARN_64_TO_32_BIT_CONVERSION = YES;
				GCC_WARN_ABOUT_RETURN_TYPE = YES_ERROR;
				GCC_WARN_UNDECLARED_SELECTOR = YES;
				GCC_WARN_UNINITIALIZED_AUTOS = YES_AGGRESSIVE;
				GCC_WARN_UNUSED_FUNCTION = YES;
				GCC_WARN_UNUSED_VARIABLE = YES;
				MACOSX_DEPLOYMENT_TARGET = 10.9;
				SDKROOT = macosx;
			};
			name = Release;
		};
		0D55DA1F19E2A45B00299A4E /* Debug */ = {
			isa = XCBuildConfiguration;
			buildSettings = {
				GCC_PRECOMPILE_PREFIX_HEADER = YES;
				GCC_PREFIX_HEADER = "PersonalRevenue_2/PersonalRevenue_2-Prefix.pch";
				PRODUCT_NAME = "$(TARGET_NAME)";
			};
			name = Debug;
		};
		0D55DA2019E2A45B00299A4E /* Release */ = {
			isa = XCBuildConfiguration;
			buildSettings = {
				GCC_PRECOMPILE_PREFIX_HEADER = YES;
				GCC_PREFIX_HEADER = "PersonalRevenue_2/PersonalRevenue_2-Prefix.pch";
				PRODUCT_NAME = "$(TARGET_NAME)";
			};
			name = Release;
		};
/* End XCBuildConfiguration section */

/* Begin XCConfigurationList section */
		0D55DA0B19E2A45B00299A4E /* Build configuration list for PBXProject "PersonalRevenue_2" */ = {
			isa = XCConfigurationList;
			buildConfigurations = (
				0D55DA1C19E2A45B00299A4E /* Debug */,
				0D55DA1D19E2A45B00299A4E /* Release */,
			);
			defaultConfigurationIsVisible = 0;
			defaultConfigurationName = Release;
		};
		0D55DA1E19E2A45B00299A4E /* Build configuration list for PBXNativeTarget "PersonalRevenue_2" */ = {
			isa = XCConfigurationList;
			buildConfigurations = (
				0D55DA1F19E2A45B00299A4E /* Debug */,
				0D55DA2019E2A45B00299A4E /* Release */,
			);
			defaultConfigurationIsVisible = 0;
		};
/* End XCConfigurationList section */
	};
	rootObject = 0D55DA0819E2A45B00299A4E /* Project object */;
}
